// !$*UTF8*$!
{
	archiveVersion = 1;
	classes = {
	};
	objectVersion = 50;
	objects = {

/* Begin PBXBuildFile section */
		2B42FB6024A85FCF00C9F819 /* LoginViewController.swift in Sources */ = {isa = PBXBuildFile; fileRef = 2B42FB5F24A85FCF00C9F819 /* LoginViewController.swift */; };
		2B42FB6324A8601100C9F819 /* MapViewController.swift in Sources */ = {isa = PBXBuildFile; fileRef = 2B42FB6224A8601100C9F819 /* MapViewController.swift */; };
		2B42FB6524A8608000C9F819 /* TableViewController.swift in Sources */ = {isa = PBXBuildFile; fileRef = 2B42FB6424A8608000C9F819 /* TableViewController.swift */; };
		2B42FB6724A8609900C9F819 /* TableViewCell.swift in Sources */ = {isa = PBXBuildFile; fileRef = 2B42FB6624A8609900C9F819 /* TableViewCell.swift */; };
		2B42FB6B24BA83C900C9F819 /* AddLocationViewController.swift in Sources */ = {isa = PBXBuildFile; fileRef = 2B42FB6A24BA83C900C9F819 /* AddLocationViewController.swift */; };
		2B42FB6D24BA83F400C9F819 /* AddMediaViewController.swift in Sources */ = {isa = PBXBuildFile; fileRef = 2B42FB6C24BA83F400C9F819 /* AddMediaViewController.swift */; };
		2B42FB7124BC160C00C9F819 /* StudentLocation.swift in Sources */ = {isa = PBXBuildFile; fileRef = 2B42FB7024BC160C00C9F819 /* StudentLocation.swift */; };
		2B42FB7424BD589F00C9F819 /* UdacityAPI.swift in Sources */ = {isa = PBXBuildFile; fileRef = 2B42FB7324BD589F00C9F819 /* UdacityAPI.swift */; };
		2B42FB7824BF4EA800C9F819 /* UerInfo.swift in Sources */ = {isa = PBXBuildFile; fileRef = 2B42FB7724BF4EA700C9F819 /* UerInfo.swift */; };
		2B42FB7A24C1564500C9F819 /* LocationInfo.swift in Sources */ = {isa = PBXBuildFile; fileRef = 2B42FB7924C1564500C9F819 /* LocationInfo.swift */; };
		2BA4DDF224A419CB003877DA /* AppDelegate.swift in Sources */ = {isa = PBXBuildFile; fileRef = 2BA4DDF124A419CB003877DA /* AppDelegate.swift */; };
		2BA4DDF424A419CB003877DA /* SceneDelegate.swift in Sources */ = {isa = PBXBuildFile; fileRef = 2BA4DDF324A419CB003877DA /* SceneDelegate.swift */; };
		2BA4DDF624A419CB003877DA /* ViewController.swift in Sources */ = {isa = PBXBuildFile; fileRef = 2BA4DDF524A419CB003877DA /* ViewController.swift */; };
		2BA4DDF924A419CB003877DA /* Main.storyboard in Resources */ = {isa = PBXBuildFile; fileRef = 2BA4DDF724A419CB003877DA /* Main.storyboard */; };
		2BA4DDFB24A419CE003877DA /* Assets.xcassets in Resources */ = {isa = PBXBuildFile; fileRef = 2BA4DDFA24A419CE003877DA /* Assets.xcassets */; };
		2BA4DDFE24A419CE003877DA /* LaunchScreen.storyboard in Resources */ = {isa = PBXBuildFile; fileRef = 2BA4DDFC24A419CE003877DA /* LaunchScreen.storyboard */; };
/* End PBXBuildFile section */

/* Begin PBXFileReference section */
		2B42FB5F24A85FCF00C9F819 /* LoginViewController.swift */ = {isa = PBXFileReference; lastKnownFileType = sourcecode.swift; path = LoginViewController.swift; sourceTree = "<group>"; };
		2B42FB6224A8601100C9F819 /* MapViewController.swift */ = {isa = PBXFileReference; lastKnownFileType = sourcecode.swift; path = MapViewController.swift; sourceTree = "<group>"; };
		2B42FB6424A8608000C9F819 /* TableViewController.swift */ = {isa = PBXFileReference; lastKnownFileType = sourcecode.swift; path = TableViewController.swift; sourceTree = "<group>"; };
		2B42FB6624A8609900C9F819 /* TableViewCell.swift */ = {isa = PBXFileReference; lastKnownFileType = sourcecode.swift; path = TableViewCell.swift; sourceTree = "<group>"; };
		2B42FB6A24BA83C900C9F819 /* AddLocationViewController.swift */ = {isa = PBXFileReference; lastKnownFileType = sourcecode.swift; path = AddLocationViewController.swift; sourceTree = "<group>"; };
		2B42FB6C24BA83F400C9F819 /* AddMediaViewController.swift */ = {isa = PBXFileReference; lastKnownFileType = sourcecode.swift; path = AddMediaViewController.swift; sourceTree = "<group>"; };
		2B42FB7024BC160C00C9F819 /* StudentLocation.swift */ = {isa = PBXFileReference; lastKnownFileType = sourcecode.swift; path = StudentLocation.swift; sourceTree = "<group>"; };
		2B42FB7324BD589F00C9F819 /* UdacityAPI.swift */ = {isa = PBXFileReference; lastKnownFileType = sourcecode.swift; path = UdacityAPI.swift; sourceTree = "<group>"; };
		2B42FB7724BF4EA700C9F819 /* UerInfo.swift */ = {isa = PBXFileReference; lastKnownFileType = sourcecode.swift; path = UerInfo.swift; sourceTree = "<group>"; };
		2B42FB7924C1564500C9F819 /* LocationInfo.swift */ = {isa = PBXFileReference; lastKnownFileType = sourcecode.swift; path = LocationInfo.swift; sourceTree = "<group>"; };
		2BA4DDEE24A419CB003877DA /* OnTheMap.app */ = {isa = PBXFileReference; explicitFileType = wrapper.application; includeInIndex = 0; path = OnTheMap.app; sourceTree = BUILT_PRODUCTS_DIR; };
		2BA4DDF124A419CB003877DA /* AppDelegate.swift */ = {isa = PBXFileReference; lastKnownFileType = sourcecode.swift; path = AppDelegate.swift; sourceTree = "<group>"; };
		2BA4DDF324A419CB003877DA /* SceneDelegate.swift */ = {isa = PBXFileReference; lastKnownFileType = sourcecode.swift; path = SceneDelegate.swift; sourceTree = "<group>"; };
		2BA4DDF524A419CB003877DA /* ViewController.swift */ = {isa = PBXFileReference; lastKnownFileType = sourcecode.swift; path = ViewController.swift; sourceTree = "<group>"; };
		2BA4DDF824A419CB003877DA /* Base */ = {isa = PBXFileReference; lastKnownFileType = file.storyboard; name = Base; path = Base.lproj/Main.storyboard; sourceTree = "<group>"; };
		2BA4DDFA24A419CE003877DA /* Assets.xcassets */ = {isa = PBXFileReference; lastKnownFileType = folder.assetcatalog; path = Assets.xcassets; sourceTree = "<group>"; };
		2BA4DDFD24A419CE003877DA /* Base */ = {isa = PBXFileReference; lastKnownFileType = file.storyboard; name = Base; path = Base.lproj/LaunchScreen.storyboard; sourceTree = "<group>"; };
		2BA4DDFF24A419CE003877DA /* Info.plist */ = {isa = PBXFileReference; lastKnownFileType = text.plist.xml; path = Info.plist; sourceTree = "<group>"; };
/* End PBXFileReference section */

/* Begin PBXFrameworksBuildPhase section */
		2BA4DDEB24A419CB003877DA /* Frameworks */ = {
			isa = PBXFrameworksBuildPhase;
			buildActionMask = 2147483647;
			files = (
			);
			runOnlyForDeploymentPostprocessing = 0;
		};
/* End PBXFrameworksBuildPhase section */

/* Begin PBXGroup section */
		2B42FB5E24A85F9A00C9F819 /* LoginScreen */ = {
			isa = PBXGroup;
			children = (
				2B42FB5F24A85FCF00C9F819 /* LoginViewController.swift */,
			);
			path = LoginScreen;
			sourceTree = "<group>";
		};
		2B42FB6124A85FED00C9F819 /* Map */ = {
			isa = PBXGroup;
			children = (
				2B42FB6224A8601100C9F819 /* MapViewController.swift */,
				2B42FB6424A8608000C9F819 /* TableViewController.swift */,
				2B42FB6624A8609900C9F819 /* TableViewCell.swift */,
			);
			path = Map;
			sourceTree = "<group>";
		};
		2B42FB6924BA838F00C9F819 /* Location */ = {
			isa = PBXGroup;
			children = (
				2B42FB6A24BA83C900C9F819 /* AddLocationViewController.swift */,
				2B42FB6C24BA83F400C9F819 /* AddMediaViewController.swift */,
			);
			path = Location;
			sourceTree = "<group>";
		};
		2B42FB7224BD584500C9F819 /* APi */ = {
			isa = PBXGroup;
			children = (
				2B42FB7324BD589F00C9F819 /* UdacityAPI.swift */,
			);
			path = APi;
			sourceTree = "<group>";
		};
		2BA4DDE524A419CB003877DA = {
			isa = PBXGroup;
			children = (
				2B42FB7024BC160C00C9F819 /* StudentLocation.swift */,
				2B42FB7924C1564500C9F819 /* LocationInfo.swift */,
				2B42FB7724BF4EA700C9F819 /* UerInfo.swift */,
				2BA4DDF524A419CB003877DA /* ViewController.swift */,
				2BA4DDF324A419CB003877DA /* SceneDelegate.swift */,
				2BA4DDF124A419CB003877DA /* AppDelegate.swift */,
				2B42FB6124A85FED00C9F819 /* Map */,
				2B42FB5E24A85F9A00C9F819 /* LoginScreen */,
				2B42FB7224BD584500C9F819 /* APi */,
				2B42FB6924BA838F00C9F819 /* Location */,
				2BA4DDF024A419CB003877DA /* View */,
				2BA4DDEF24A419CB003877DA /* Products */,
			);
			sourceTree = "<group>";
		};
		2BA4DDEF24A419CB003877DA /* Products */ = {
			isa = PBXGroup;
			children = (
				2BA4DDEE24A419CB003877DA /* OnTheMap.app */,
			);
			name = Products;
			sourceTree = "<group>";
		};
		2BA4DDF024A419CB003877DA /* View */ = {
			isa = PBXGroup;
			children = (
				2BA4DDF724A419CB003877DA /* Main.storyboard */,
				2BA4DDFA24A419CE003877DA /* Assets.xcassets */,
				2BA4DDFC24A419CE003877DA /* LaunchScreen.storyboard */,
				2BA4DDFF24A419CE003877DA /* Info.plist */,
			);
			path = View;
			sourceTree = "<group>";
		};
/* End PBXGroup section */

/* Begin PBXNativeTarget section */
		2BA4DDED24A419CB003877DA /* OnTheMap */ = {
			isa = PBXNativeTarget;
			buildConfigurationList = 2BA4DE0224A419CE003877DA /* Build configuration list for PBXNativeTarget "OnTheMap" */;
			buildPhases = (
				2BA4DDEA24A419CB003877DA /* Sources */,
				2BA4DDEB24A419CB003877DA /* Frameworks */,
				2BA4DDEC24A419CB003877DA /* Resources */,
			);
			buildRules = (
			);
			dependencies = (
			);
			name = OnTheMap;
			productName = OnTheMap;
			productReference = 2BA4DDEE24A419CB003877DA /* OnTheMap.app */;
			productType = "com.apple.product-type.application";
		};
/* End PBXNativeTarget section */

/* Begin PBXProject section */
		2BA4DDE624A419CB003877DA /* Project object */ = {
			isa = PBXProject;
			attributes = {
				LastSwiftUpdateCheck = 1150;
				LastUpgradeCheck = 1150;
				ORGANIZATIONNAME = "Maram Moh";
				TargetAttributes = {
					2BA4DDED24A419CB003877DA = {
						CreatedOnToolsVersion = 11.5;
					};
				};
			};
			buildConfigurationList = 2BA4DDE924A419CB003877DA /* Build configuration list for PBXProject "OnTheMap" */;
			compatibilityVersion = "Xcode 9.3";
			developmentRegion = en;
			hasScannedForEncodings = 0;
			knownRegions = (
				en,
				Base,
			);
			mainGroup = 2BA4DDE524A419CB003877DA;
			productRefGroup = 2BA4DDEF24A419CB003877DA /* Products */;
			projectDirPath = "";
			projectRoot = "";
			targets = (
				2BA4DDED24A419CB003877DA /* OnTheMap */,
			);
		};
/* End PBXProject section */

/* Begin PBXResourcesBuildPhase section */
		2BA4DDEC24A419CB003877DA /* Resources */ = {
			isa = PBXResourcesBuildPhase;
			buildActionMask = 2147483647;
			files = (
				2BA4DDFE24A419CE003877DA /* LaunchScreen.storyboard in Resources */,
				2BA4DDFB24A419CE003877DA /* Assets.xcassets in Resources */,
				2BA4DDF924A419CB003877DA /* Main.storyboard in Resources */,
			);
			runOnlyForDeploymentPostprocessing = 0;
		};
/* End PBXResourcesBuildPhase section */

/* Begin PBXSourcesBuildPhase section */
		2BA4DDEA24A419CB003877DA /* Sources */ = {
			isa = PBXSourcesBuildPhase;
			buildActionMask = 2147483647;
			files = (
				2B42FB6024A85FCF00C9F819 /* LoginViewController.swift in Sources */,
				2B42FB6524A8608000C9F819 /* TableViewController.swift in Sources */,
				2BA4DDF624A419CB003877DA /* ViewController.swift in Sources */,
				2B42FB6B24BA83C900C9F819 /* AddLocationViewController.swift in Sources */,
				2BA4DDF224A419CB003877DA /* AppDelegate.swift in Sources */,
				2B42FB7A24C1564500C9F819 /* LocationInfo.swift in Sources */,
				2B42FB6324A8601100C9F819 /* MapViewController.swift in Sources */,
				2B42FB6724A8609900C9F819 /* TableViewCell.swift in Sources */,
				2B42FB7824BF4EA800C9F819 /* UerInfo.swift in Sources */,
				2B42FB6D24BA83F400C9F819 /* AddMediaViewController.swift in Sources */,
				2B42FB7424BD589F00C9F819 /* UdacityAPI.swift in Sources */,
				2B42FB7124BC160C00C9F819 /* StudentLocation.swift in Sources */,
				2BA4DDF424A419CB003877DA /* SceneDelegate.swift in Sources */,
			);
			runOnlyForDeploymentPostprocessing = 0;
		};
/* End PBXSourcesBuildPhase section */

/* Begin PBXVariantGroup section */
		2BA4DDF724A419CB003877DA /* Main.storyboard */ = {
			isa = PBXVariantGroup;
			children = (
				2BA4DDF824A419CB003877DA /* Base */,
			);
			name = Main.storyboard;
			sourceTree = "<group>";
		};
		2BA4DDFC24A419CE003877DA /* LaunchScreen.storyboard */ = {
			isa = PBXVariantGroup;
			children = (
				2BA4DDFD24A419CE003877DA /* Base */,
			);
			name = LaunchScreen.storyboard;
			sourceTree = "<group>";
		};
/* End PBXVariantGroup section */

/* Begin XCBuildConfiguration section */
		2BA4DE0024A419CE003877DA /* Debug */ = {
			isa = XCBuildConfiguration;
			buildSettings = {
				ALWAYS_SEARCH_USER_PATHS = NO;
				CLANG_ANALYZER_NONNULL = YES;
				CLANG_ANALYZER_NUMBER_OBJECT_CONVERSION = YES_AGGRESSIVE;
				CLANG_CXX_LANGUAGE_STANDARD = "gnu++14";
				CLANG_CXX_LIBRARY = "libc++";
				CLANG_ENABLE_MODULES = YES;
				CLANG_ENABLE_OBJC_ARC = YES;
				CLANG_ENABLE_OBJC_WEAK = YES;
				CLANG_WARN_BLOCK_CAPTURE_AUTORELEASING = YES;
				CLANG_WARN_BOOL_CONVERSION = YES;
				CLANG_WARN_COMMA = YES;
				CLANG_WARN_CONSTANT_CONVERSION = YES;
				CLANG_WARN_DEPRECATED_OBJC_IMPLEMENTATIONS = YES;
				CLANG_WARN_DIRECT_OBJC_ISA_USAGE = YES_ERROR;
				CLANG_WARN_DOCUMENTATION_COMMENTS = YES;
				CLANG_WARN_EMPTY_BODY = YES;
				CLANG_WARN_ENUM_CONVERSION = YES;
				CLANG_WARN_INFINITE_RECURSION = YES;
				CLANG_WARN_INT_CONVERSION = YES;
				CLANG_WARN_NON_LITERAL_NULL_CONVERSION = YES;
				CLANG_WARN_OBJC_IMPLICIT_RETAIN_SELF = YES;
				CLANG_WARN_OBJC_LITERAL_CONVERSION = YES;
				CLANG_WARN_OBJC_ROOT_CLASS = YES_ERROR;
				CLANG_WARN_RANGE_LOOP_ANALYSIS = YES;
				CLANG_WARN_STRICT_PROTOTYPES = YES;
				CLANG_WARN_SUSPICIOUS_MOVE = YES;
				CLANG_WARN_UNGUARDED_AVAILABILITY = YES_AGGRESSIVE;
				CLANG_WARN_UNREACHABLE_CODE = YES;
				CLANG_WARN__DUPLICATE_METHOD_MATCH = YES;
				COPY_PHASE_STRIP = NO;
				DEBUG_INFORMATION_FORMAT = dwarf;
				ENABLE_STRICT_OBJC_MSGSEND = YES;
				ENABLE_TESTABILITY = YES;
				GCC_C_LANGUAGE_STANDARD = gnu11;
				GCC_DYNAMIC_NO_PIC = NO;
				GCC_NO_COMMON_BLOCKS = YES;
				GCC_OPTIMIZATION_LEVEL = 0;
				GCC_PREPROCESSOR_DEFINITIONS = (
					"DEBUG=1",
					"$(inherited)",
				);
				GCC_WARN_64_TO_32_BIT_CONVERSION = YES;
				GCC_WARN_ABOUT_RETURN_TYPE = YES_ERROR;
				GCC_WARN_UNDECLARED_SELECTOR = YES;
				GCC_WARN_UNINITIALIZED_AUTOS = YES_AGGRESSIVE;
				GCC_WARN_UNUSED_FUNCTION = YES;
				GCC_WARN_UNUSED_VARIABLE = YES;
				IPHONEOS_DEPLOYMENT_TARGET = 13.5;
				MTL_ENABLE_DEBUG_INFO = INCLUDE_SOURCE;
				MTL_FAST_MATH = YES;
				ONLY_ACTIVE_ARCH = YES;
				SDKROOT = iphoneos;
				SWIFT_ACTIVE_COMPILATION_CONDITIONS = DEBUG;
				SWIFT_OPTIMIZATION_LEVEL = "-Onone";
			};
			name = Debug;
		};
		2BA4DE0124A419CE003877DA /* Release */ = {
			isa = XCBuildConfiguration;
			buildSettings = {
				ALWAYS_SEARCH_USER_PATHS = NO;
				CLANG_ANALYZER_NONNULL = YES;
				CLANG_ANALYZER_NUMBER_OBJECT_CONVERSION = YES_AGGRESSIVE;
				CLANG_CXX_LANGUAGE_STANDARD = "gnu++14";
				CLANG_CXX_LIBRARY = "libc++";
				CLANG_ENABLE_MODULES = YES;
				CLANG_ENABLE_OBJC_ARC = YES;
				CLANG_ENABLE_OBJC_WEAK = YES;
				CLANG_WARN_BLOCK_CAPTURE_AUTORELEASING = YES;
				CLANG_WARN_BOOL_CONVERSION = YES;
				CLANG_WARN_COMMA = YES;
				CLANG_WARN_CONSTANT_CONVERSION = YES;
				CLANG_WARN_DEPRECATED_OBJC_IMPLEMENTATIONS = YES;
				CLANG_WARN_DIRECT_OBJC_ISA_USAGE = YES_ERROR;
				CLANG_WARN_DOCUMENTATION_COMMENTS = YES;
				CLANG_WARN_EMPTY_BODY = YES;
				CLANG_WARN_ENUM_CONVERSION = YES;
				CLANG_WARN_INFINITE_RECURSION = YES;
				CLANG_WARN_INT_CONVERSION = YES;
				CLANG_WARN_NON_LITERAL_NULL_CONVERSION = YES;
				CLANG_WARN_OBJC_IMPLICIT_RETAIN_SELF = YES;
				CLANG_WARN_OBJC_LITERAL_CONVERSION = YES;
				CLANG_WARN_OBJC_ROOT_CLASS = YES_ERROR;
				CLANG_WARN_RANGE_LOOP_ANALYSIS = YES;
				CLANG_WARN_STRICT_PROTOTYPES = YES;
				CLANG_WARN_SUSPICIOUS_MOVE = YES;
				CLANG_WARN_UNGUARDED_AVAILABILITY = YES_AGGRESSIVE;
				CLANG_WARN_UNREACHABLE_CODE = YES;
				CLANG_WARN__DUPLICATE_METHOD_MATCH = YES;
				COPY_PHASE_STRIP = NO;
				DEBUG_INFORMATION_FORMAT = "dwarf-with-dsym";
				ENABLE_NS_ASSERTIONS = NO;
				ENABLE_STRICT_OBJC_MSGSEND = YES;
				GCC_C_LANGUAGE_STANDARD = gnu11;
				GCC_NO_COMMON_BLOCKS = YES;
				GCC_WARN_64_TO_32_BIT_CONVERSION = YES;
				GCC_WARN_ABOUT_RETURN_TYPE = YES_ERROR;
				GCC_WARN_UNDECLARED_SELECTOR = YES;
				GCC_WARN_UNINITIALIZED_AUTOS = YES_AGGRESSIVE;
				GCC_WARN_UNUSED_FUNCTION = YES;
				GCC_WARN_UNUSED_VARIABLE = YES;
				IPHONEOS_DEPLOYMENT_TARGET = 13.5;
				MTL_ENABLE_DEBUG_INFO = NO;
				MTL_FAST_MATH = YES;
				SDKROOT = iphoneos;
				SWIFT_COMPILATION_MODE = wholemodule;
				SWIFT_OPTIMIZATION_LEVEL = "-O";
				VALIDATE_PRODUCT = YES;
			};
			name = Release;
		};
		2BA4DE0324A419CE003877DA /* Debug */ = {
			isa = XCBuildConfiguration;
			buildSettings = {
				ASSETCATALOG_COMPILER_APPICON_NAME = AppIcon;
				CODE_SIGN_STYLE = Automatic;
				DEVELOPMENT_TEAM = G97539N6Y4;
				INFOPLIST_FILE = View/info.plist;
				LD_RUNPATH_SEARCH_PATHS = (
					"$(inherited)",
					"@executable_path/Frameworks",
				);
				PRODUCT_BUNDLE_IDENTIFIER = OnTheMapTestProject;
				PRODUCT_NAME = "$(TARGET_NAME)";
				SWIFT_VERSION = 5.0;
				TARGETED_DEVICE_FAMILY = "1,2";
			};
			name = Debug;
		};
		2BA4DE0424A419CE003877DA /* Release */ = {
			isa = XCBuildConfiguration;
			buildSettings = {
				ASSETCATALOG_COMPILER_APPICON_NAME = AppIcon;
				CODE_SIGN_STYLE = Automatic;
				DEVELOPMENT_TEAM = G97539N6Y4;
				INFOPLIST_FILE = View/info.plist;
				LD_RUNPATH_SEARCH_PATHS = (
					"$(inherited)",
					"@executable_path/Frameworks",
				);
				PRODUCT_BUNDLE_IDENTIFIER = OnTheMapTestProject;
				PRODUCT_NAME = "$(TARGET_NAME)";
				SWIFT_VERSION = 5.0;
				TARGETED_DEVICE_FAMILY = "1,2";
			};
			name = Release;
		};
/* End XCBuildConfiguration section */

/* Begin XCConfigurationList section */
		2BA4DDE924A419CB003877DA /* Build configuration list for PBXProject "OnTheMap" */ = {
			isa = XCConfigurationList;
			buildConfigurations = (
				2BA4DE0024A419CE003877DA /* Debug */,
				2BA4DE0124A419CE003877DA /* Release */,
			);
			defaultConfigurationIsVisible = 0;
			defaultConfigurationName = Release;
		};
		2BA4DE0224A419CE003877DA /* Build configuration list for PBXNativeTarget "OnTheMap" */ = {
			isa = XCConfigurationList;
			buildConfigurations = (
				2BA4DE0324A419CE003877DA /* Debug */,
				2BA4DE0424A419CE003877DA /* Release */,
			);
			defaultConfigurationIsVisible = 0;
			defaultConfigurationName = Release;
		};
/* End XCConfigurationList section */
	};
	rootObject = 2BA4DDE624A419CB003877DA /* Project object */;
}
